// !$*UTF8*$!
{
	archiveVersion = 1;
	classes = {
	};
	objectVersion = 46;
	objects = {

/* Begin PBXBuildFile section */
		0C205B331E2272A000013DDC /* AppDelegate.swift in Sources */ = {isa = PBXBuildFile; fileRef = 0C205B321E2272A000013DDC /* AppDelegate.swift */; };
		0C205B351E2272A000013DDC /* ViewController.swift in Sources */ = {isa = PBXBuildFile; fileRef = 0C205B341E2272A000013DDC /* ViewController.swift */; };
		0C205B381E2272A100013DDC /* Main.storyboard in Resources */ = {isa = PBXBuildFile; fileRef = 0C205B361E2272A100013DDC /* Main.storyboard */; };
		0C205B3A1E2272A100013DDC /* Assets.xcassets in Resources */ = {isa = PBXBuildFile; fileRef = 0C205B391E2272A100013DDC /* Assets.xcassets */; };
		0C205B3D1E2272A100013DDC /* LaunchScreen.storyboard in Resources */ = {isa = PBXBuildFile; fileRef = 0C205B3B1E2272A100013DDC /* LaunchScreen.storyboard */; };
		0C205B481E2272A100013DDC /* Live_Sports_ScoreTests.swift in Sources */ = {isa = PBXBuildFile; fileRef = 0C205B471E2272A100013DDC /* Live_Sports_ScoreTests.swift */; };
		0C205B531E2272A100013DDC /* Live_Sports_ScoreUITests.swift in Sources */ = {isa = PBXBuildFile; fileRef = 0C205B521E2272A100013DDC /* Live_Sports_ScoreUITests.swift */; };
		0C205B681E22735100013DDC /* FavoritesTableViewController.swift in Sources */ = {isa = PBXBuildFile; fileRef = 0C205B601E22735100013DDC /* FavoritesTableViewController.swift */; };
		0C205B691E22735100013DDC /* GameTableViewCell.swift in Sources */ = {isa = PBXBuildFile; fileRef = 0C205B611E22735100013DDC /* GameTableViewCell.swift */; };
		0C205B6A1E22735100013DDC /* Keys.plist in Resources */ = {isa = PBXBuildFile; fileRef = 0C205B621E22735100013DDC /* Keys.plist */; };
		0C205B6B1E22735100013DDC /* MLBSportsData.swift in Sources */ = {isa = PBXBuildFile; fileRef = 0C205B631E22735100013DDC /* MLBSportsData.swift */; };
		0C205B6C1E22735100013DDC /* NFLSportsData.swift in Sources */ = {isa = PBXBuildFile; fileRef = 0C205B641E22735100013DDC /* NFLSportsData.swift */; };
		0C205B6D1E22735100013DDC /* TeamSelectionTableViewCell.swift in Sources */ = {isa = PBXBuildFile; fileRef = 0C205B651E22735100013DDC /* TeamSelectionTableViewCell.swift */; };
		0C205B6E1E22735100013DDC /* TeamSelectionViewController.swift in Sources */ = {isa = PBXBuildFile; fileRef = 0C205B661E22735100013DDC /* TeamSelectionViewController.swift */; };
		0C205B6F1E22735100013DDC /* Utilities.swift in Sources */ = {isa = PBXBuildFile; fileRef = 0C205B671E22735100013DDC /* Utilities.swift */; };
/* End PBXBuildFile section */

/* Begin PBXContainerItemProxy section */
		0C205B441E2272A100013DDC /* PBXContainerItemProxy */ = {
			isa = PBXContainerItemProxy;
			containerPortal = 0C205B271E22729C00013DDC /* Project object */;
			proxyType = 1;
			remoteGlobalIDString = 0C205B2E1E22729D00013DDC;
			remoteInfo = "Live Sports Score";
		};
		0C205B4F1E2272A100013DDC /* PBXContainerItemProxy */ = {
			isa = PBXContainerItemProxy;
			containerPortal = 0C205B271E22729C00013DDC /* Project object */;
			proxyType = 1;
			remoteGlobalIDString = 0C205B2E1E22729D00013DDC;
			remoteInfo = "Live Sports Score";
		};
/* End PBXContainerItemProxy section */

/* Begin PBXFileReference section */
		0C205B2F1E2272A000013DDC /* Live Sports Score.app */ = {isa = PBXFileReference; explicitFileType = wrapper.application; includeInIndex = 0; path = "Live Sports Score.app"; sourceTree = BUILT_PRODUCTS_DIR; };
		0C205B321E2272A000013DDC /* AppDelegate.swift */ = {isa = PBXFileReference; lastKnownFileType = sourcecode.swift; path = AppDelegate.swift; sourceTree = "<group>"; };
		0C205B341E2272A000013DDC /* ViewController.swift */ = {isa = PBXFileReference; lastKnownFileType = sourcecode.swift; path = ViewController.swift; sourceTree = "<group>"; };
		0C205B371E2272A100013DDC /* Base */ = {isa = PBXFileReference; lastKnownFileType = file.storyboard; name = Base; path = Base.lproj/Main.storyboard; sourceTree = "<group>"; };
		0C205B391E2272A100013DDC /* Assets.xcassets */ = {isa = PBXFileReference; lastKnownFileType = folder.assetcatalog; path = Assets.xcassets; sourceTree = "<group>"; };
		0C205B3C1E2272A100013DDC /* Base */ = {isa = PBXFileReference; lastKnownFileType = file.storyboard; name = Base; path = Base.lproj/LaunchScreen.storyboard; sourceTree = "<group>"; };
		0C205B3E1E2272A100013DDC /* Info.plist */ = {isa = PBXFileReference; lastKnownFileType = text.plist.xml; path = Info.plist; sourceTree = "<group>"; };
		0C205B431E2272A100013DDC /* Live Sports ScoreTests.xctest */ = {isa = PBXFileReference; explicitFileType = wrapper.cfbundle; includeInIndex = 0; path = "Live Sports ScoreTests.xctest"; sourceTree = BUILT_PRODUCTS_DIR; };
		0C205B471E2272A100013DDC /* Live_Sports_ScoreTests.swift */ = {isa = PBXFileReference; lastKnownFileType = sourcecode.swift; path = Live_Sports_ScoreTests.swift; sourceTree = "<group>"; };
		0C205B491E2272A100013DDC /* Info.plist */ = {isa = PBXFileReference; lastKnownFileType = text.plist.xml; path = Info.plist; sourceTree = "<group>"; };
		0C205B4E1E2272A100013DDC /* Live Sports ScoreUITests.xctest */ = {isa = PBXFileReference; explicitFileType = wrapper.cfbundle; includeInIndex = 0; path = "Live Sports ScoreUITests.xctest"; sourceTree = BUILT_PRODUCTS_DIR; };
		0C205B521E2272A100013DDC /* Live_Sports_ScoreUITests.swift */ = {isa = PBXFileReference; lastKnownFileType = sourcecode.swift; path = Live_Sports_ScoreUITests.swift; sourceTree = "<group>"; };
		0C205B541E2272A100013DDC /* Info.plist */ = {isa = PBXFileReference; lastKnownFileType = text.plist.xml; path = Info.plist; sourceTree = "<group>"; };
		0C205B601E22735100013DDC /* FavoritesTableViewController.swift */ = {isa = PBXFileReference; fileEncoding = 4; lastKnownFileType = sourcecode.swift; path = FavoritesTableViewController.swift; sourceTree = "<group>"; };
		0C205B611E22735100013DDC /* GameTableViewCell.swift */ = {isa = PBXFileReference; fileEncoding = 4; lastKnownFileType = sourcecode.swift; path = GameTableViewCell.swift; sourceTree = "<group>"; };
		0C205B621E22735100013DDC /* Keys.plist */ = {isa = PBXFileReference; fileEncoding = 4; lastKnownFileType = text.plist.xml; path = Keys.plist; sourceTree = "<group>"; };
		0C205B631E22735100013DDC /* MLBSportsData.swift */ = {isa = PBXFileReference; fileEncoding = 4; lastKnownFileType = sourcecode.swift; path = MLBSportsData.swift; sourceTree = "<group>"; };
		0C205B641E22735100013DDC /* NFLSportsData.swift */ = {isa = PBXFileReference; fileEncoding = 4; lastKnownFileType = sourcecode.swift; path = NFLSportsData.swift; sourceTree = "<group>"; };
		0C205B651E22735100013DDC /* TeamSelectionTableViewCell.swift */ = {isa = PBXFileReference; fileEncoding = 4; lastKnownFileType = sourcecode.swift; path = TeamSelectionTableViewCell.swift; sourceTree = "<group>"; };
		0C205B661E22735100013DDC /* TeamSelectionViewController.swift */ = {isa = PBXFileReference; fileEncoding = 4; lastKnownFileType = sourcecode.swift; path = TeamSelectionViewController.swift; sourceTree = "<group>"; };
		0C205B671E22735100013DDC /* Utilities.swift */ = {isa = PBXFileReference; fileEncoding = 4; lastKnownFileType = sourcecode.swift; path = Utilities.swift; sourceTree = "<group>"; };
/* End PBXFileReference section */

/* Begin PBXFrameworksBuildPhase section */
		0C205B2C1E22729D00013DDC /* Frameworks */ = {
			isa = PBXFrameworksBuildPhase;
			buildActionMask = 2147483647;
			files = (
			);
			runOnlyForDeploymentPostprocessing = 0;
		};
		0C205B401E2272A100013DDC /* Frameworks */ = {
			isa = PBXFrameworksBuildPhase;
			buildActionMask = 2147483647;
			files = (
			);
			runOnlyForDeploymentPostprocessing = 0;
		};
		0C205B4B1E2272A100013DDC /* Frameworks */ = {
			isa = PBXFrameworksBuildPhase;
			buildActionMask = 2147483647;
			files = (
			);
			runOnlyForDeploymentPostprocessing = 0;
		};
/* End PBXFrameworksBuildPhase section */

/* Begin PBXGroup section */
		0C205B261E22729C00013DDC = {
			isa = PBXGroup;
			children = (
				0C205B311E2272A000013DDC /* Live Sports Score */,
				0C205B461E2272A100013DDC /* Live Sports ScoreTests */,
				0C205B511E2272A100013DDC /* Live Sports ScoreUITests */,
				0C205B301E2272A000013DDC /* Products */,
			);
			sourceTree = "<group>";
		};
		0C205B301E2272A000013DDC /* Products */ = {
			isa = PBXGroup;
			children = (
				0C205B2F1E2272A000013DDC /* Live Sports Score.app */,
				0C205B431E2272A100013DDC /* Live Sports ScoreTests.xctest */,
				0C205B4E1E2272A100013DDC /* Live Sports ScoreUITests.xctest */,
			);
			name = Products;
			sourceTree = "<group>";
		};
		0C205B311E2272A000013DDC /* Live Sports Score */ = {
			isa = PBXGroup;
			children = (
				0C205B321E2272A000013DDC /* AppDelegate.swift */,
				0C205B341E2272A000013DDC /* ViewController.swift */,
				0C205B601E22735100013DDC /* FavoritesTableViewController.swift */,
				0C205B611E22735100013DDC /* GameTableViewCell.swift */,
				0C205B621E22735100013DDC /* Keys.plist */,
				0C205B631E22735100013DDC /* MLBSportsData.swift */,
				0C205B641E22735100013DDC /* NFLSportsData.swift */,
				0C205B651E22735100013DDC /* TeamSelectionTableViewCell.swift */,
				0C205B661E22735100013DDC /* TeamSelectionViewController.swift */,
				0C205B671E22735100013DDC /* Utilities.swift */,
				0C205B361E2272A100013DDC /* Main.storyboard */,
				0C205B391E2272A100013DDC /* Assets.xcassets */,
				0C205B3B1E2272A100013DDC /* LaunchScreen.storyboard */,
				0C205B3E1E2272A100013DDC /* Info.plist */,
			);
			path = "Live Sports Score";
			sourceTree = "<group>";
		};
		0C205B461E2272A100013DDC /* Live Sports ScoreTests */ = {
			isa = PBXGroup;
			children = (
				0C205B471E2272A100013DDC /* Live_Sports_ScoreTests.swift */,
				0C205B491E2272A100013DDC /* Info.plist */,
			);
			path = "Live Sports ScoreTests";
			sourceTree = "<group>";
		};
		0C205B511E2272A100013DDC /* Live Sports ScoreUITests */ = {
			isa = PBXGroup;
			children = (
				0C205B521E2272A100013DDC /* Live_Sports_ScoreUITests.swift */,
				0C205B541E2272A100013DDC /* Info.plist */,
			);
			path = "Live Sports ScoreUITests";
			sourceTree = "<group>";
		};
/* End PBXGroup section */

/* Begin PBXNativeTarget section */
		0C205B2E1E22729D00013DDC /* Live Sports Score */ = {
			isa = PBXNativeTarget;
			buildConfigurationList = 0C205B571E2272A100013DDC /* Build configuration list for PBXNativeTarget "Live Sports Score" */;
			buildPhases = (
				0C205B2B1E22729D00013DDC /* Sources */,
				0C205B2C1E22729D00013DDC /* Frameworks */,
				0C205B2D1E22729D00013DDC /* Resources */,
			);
			buildRules = (
			);
			dependencies = (
			);
			name = "Live Sports Score";
			productName = "Live Sports Score";
			productReference = 0C205B2F1E2272A000013DDC /* Live Sports Score.app */;
			productType = "com.apple.product-type.application";
		};
		0C205B421E2272A100013DDC /* Live Sports ScoreTests */ = {
			isa = PBXNativeTarget;
			buildConfigurationList = 0C205B5A1E2272A100013DDC /* Build configuration list for PBXNativeTarget "Live Sports ScoreTests" */;
			buildPhases = (
				0C205B3F1E2272A100013DDC /* Sources */,
				0C205B401E2272A100013DDC /* Frameworks */,
				0C205B411E2272A100013DDC /* Resources */,
			);
			buildRules = (
			);
			dependencies = (
				0C205B451E2272A100013DDC /* PBXTargetDependency */,
			);
			name = "Live Sports ScoreTests";
			productName = "Live Sports ScoreTests";
			productReference = 0C205B431E2272A100013DDC /* Live Sports ScoreTests.xctest */;
			productType = "com.apple.product-type.bundle.unit-test";
		};
		0C205B4D1E2272A100013DDC /* Live Sports ScoreUITests */ = {
			isa = PBXNativeTarget;
			buildConfigurationList = 0C205B5D1E2272A100013DDC /* Build configuration list for PBXNativeTarget "Live Sports ScoreUITests" */;
			buildPhases = (
				0C205B4A1E2272A100013DDC /* Sources */,
				0C205B4B1E2272A100013DDC /* Frameworks */,
				0C205B4C1E2272A100013DDC /* Resources */,
			);
			buildRules = (
			);
			dependencies = (
				0C205B501E2272A100013DDC /* PBXTargetDependency */,
			);
			name = "Live Sports ScoreUITests";
			productName = "Live Sports ScoreUITests";
			productReference = 0C205B4E1E2272A100013DDC /* Live Sports ScoreUITests.xctest */;
			productType = "com.apple.product-type.bundle.ui-testing";
		};
/* End PBXNativeTarget section */

/* Begin PBXProject section */
		0C205B271E22729C00013DDC /* Project object */ = {
			isa = PBXProject;
			attributes = {
				LastSwiftUpdateCheck = 0800;
				LastUpgradeCheck = 0800;
				ORGANIZATIONNAME = Sandeep;
				TargetAttributes = {
					0C205B2E1E22729D00013DDC = {
						CreatedOnToolsVersion = 8.0;
						ProvisioningStyle = Automatic;
					};
					0C205B421E2272A100013DDC = {
						CreatedOnToolsVersion = 8.0;
						ProvisioningStyle = Automatic;
						TestTargetID = 0C205B2E1E22729D00013DDC;
					};
					0C205B4D1E2272A100013DDC = {
						CreatedOnToolsVersion = 8.0;
						ProvisioningStyle = Automatic;
						TestTargetID = 0C205B2E1E22729D00013DDC;
					};
				};
			};
			buildConfigurationList = 0C205B2A1E22729C00013DDC /* Build configuration list for PBXProject "Live Sports Score" */;
			compatibilityVersion = "Xcode 3.2";
			developmentRegion = English;
			hasScannedForEncodings = 0;
			knownRegions = (
				en,
				Base,
			);
			mainGroup = 0C205B261E22729C00013DDC;
			productRefGroup = 0C205B301E2272A000013DDC /* Products */;
			projectDirPath = "";
			projectRoot = "";
			targets = (
				0C205B2E1E22729D00013DDC /* Live Sports Score */,
				0C205B421E2272A100013DDC /* Live Sports ScoreTests */,
				0C205B4D1E2272A100013DDC /* Live Sports ScoreUITests */,
			);
		};
/* End PBXProject section */

/* Begin PBXResourcesBuildPhase section */
		0C205B2D1E22729D00013DDC /* Resources */ = {
			isa = PBXResourcesBuildPhase;
			buildActionMask = 2147483647;
			files = (
				0C205B6A1E22735100013DDC /* Keys.plist in Resources */,
				0C205B3D1E2272A100013DDC /* LaunchScreen.storyboard in Resources */,
				0C205B3A1E2272A100013DDC /* Assets.xcassets in Resources */,
				0C205B381E2272A100013DDC /* Main.storyboard in Resources */,
			);
			runOnlyForDeploymentPostprocessing = 0;
		};
		0C205B411E2272A100013DDC /* Resources */ = {
			isa = PBXResourcesBuildPhase;
			buildActionMask = 2147483647;
			files = (
			);
			runOnlyForDeploymentPostprocessing = 0;
		};
		0C205B4C1E2272A100013DDC /* Resources */ = {
			isa = PBXResourcesBuildPhase;
			buildActionMask = 2147483647;
			files = (
			);
			runOnlyForDeploymentPostprocessing = 0;
		};
/* End PBXResourcesBuildPhase section */

/* Begin PBXSourcesBuildPhase section */
		0C205B2B1E22729D00013DDC /* Sources */ = {
			isa = PBXSourcesBuildPhase;
			buildActionMask = 2147483647;
			files = (
				0C205B6E1E22735100013DDC /* TeamSelectionViewController.swift in Sources */,
				0C205B681E22735100013DDC /* FavoritesTableViewController.swift in Sources */,
				0C205B6D1E22735100013DDC /* TeamSelectionTableViewCell.swift in Sources */,
				0C205B6C1E22735100013DDC /* NFLSportsData.swift in Sources */,
				0C205B351E2272A000013DDC /* ViewController.swift in Sources */,
				0C205B6B1E22735100013DDC /* MLBSportsData.swift in Sources */,
				0C205B6F1E22735100013DDC /* Utilities.swift in Sources */,
				0C205B331E2272A000013DDC /* AppDelegate.swift in Sources */,
				0C205B691E22735100013DDC /* GameTableViewCell.swift in Sources */,
			);
			runOnlyForDeploymentPostprocessing = 0;
		};
		0C205B3F1E2272A100013DDC /* Sources */ = {
			isa = PBXSourcesBuildPhase;
			buildActionMask = 2147483647;
			files = (
				0C205B481E2272A100013DDC /* Live_Sports_ScoreTests.swift in Sources */,
			);
			runOnlyForDeploymentPostprocessing = 0;
		};
		0C205B4A1E2272A100013DDC /* Sources */ = {
			isa = PBXSourcesBuildPhase;
			buildActionMask = 2147483647;
			files = (
				0C205B531E2272A100013DDC /* Live_Sports_ScoreUITests.swift in Sources */,
			);
			runOnlyForDeploymentPostprocessing = 0;
		};
/* End PBXSourcesBuildPhase section */

/* Begin PBXTargetDependency section */
		0C205B451E2272A100013DDC /* PBXTargetDependency */ = {
			isa = PBXTargetDependency;
			target = 0C205B2E1E22729D00013DDC /* Live Sports Score */;
			targetProxy = 0C205B441E2272A100013DDC /* PBXContainerItemProxy */;
		};
		0C205B501E2272A100013DDC /* PBXTargetDependency */ = {
			isa = PBXTargetDependency;
			target = 0C205B2E1E22729D00013DDC /* Live Sports Score */;
			targetProxy = 0C205B4F1E2272A100013DDC /* PBXContainerItemProxy */;
		};
/* End PBXTargetDependency section */

/* Begin PBXVariantGroup section */
		0C205B361E2272A100013DDC /* Main.storyboard */ = {
			isa = PBXVariantGroup;
			children = (
				0C205B371E2272A100013DDC /* Base */,
			);
			name = Main.storyboard;
			sourceTree = "<group>";
		};
		0C205B3B1E2272A100013DDC /* LaunchScreen.storyboard */ = {
			isa = PBXVariantGroup;
			children = (
				0C205B3C1E2272A100013DDC /* Base */,
			);
			name = LaunchScreen.storyboard;
			sourceTree = "<group>";
		};
/* End PBXVariantGroup section */

/* Begin XCBuildConfiguration section */
		0C205B551E2272A100013DDC /* Debug */ = {
			isa = XCBuildConfiguration;
			buildSettings = {
				ALWAYS_SEARCH_USER_PATHS = NO;
				CLANG_ANALYZER_NONNULL = YES;
				CLANG_CXX_LANGUAGE_STANDARD = "gnu++0x";
				CLANG_CXX_LIBRARY = "libc++";
				CLANG_ENABLE_MODULES = YES;
				CLANG_ENABLE_OBJC_ARC = YES;
				CLANG_WARN_BOOL_CONVERSION = YES;
				CLANG_WARN_CONSTANT_CONVERSION = YES;
				CLANG_WARN_DIRECT_OBJC_ISA_USAGE = YES_ERROR;
				CLANG_WARN_DOCUMENTATION_COMMENTS = YES;
				CLANG_WARN_EMPTY_BODY = YES;
				CLANG_WARN_ENUM_CONVERSION = YES;
				CLANG_WARN_INFINITE_RECURSION = YES;
				CLANG_WARN_INT_CONVERSION = YES;
				CLANG_WARN_OBJC_ROOT_CLASS = YES_ERROR;
				CLANG_WARN_SUSPICIOUS_MOVES = YES;
				CLANG_WARN_UNREACHABLE_CODE = YES;
				CLANG_WARN__DUPLICATE_METHOD_MATCH = YES;
				"CODE_SIGN_IDENTITY[sdk=iphoneos*]" = "iPhone Developer";
				COPY_PHASE_STRIP = NO;
				DEBUG_INFORMATION_FORMAT = dwarf;
				ENABLE_STRICT_OBJC_MSGSEND = YES;
				ENABLE_TESTABILITY = YES;
				GCC_C_LANGUAGE_STANDARD = gnu99;
				GCC_DYNAMIC_NO_PIC = NO;
				GCC_NO_COMMON_BLOCKS = YES;
				GCC_OPTIMIZATION_LEVEL = 0;
				GCC_PREPROCESSOR_DEFINITIONS = (
					"DEBUG=1",
					"$(inherited)",
				);
				GCC_WARN_64_TO_32_BIT_CONVERSION = YES;
				GCC_WARN_ABOUT_RETURN_TYPE = YES_ERROR;
				GCC_WARN_UNDECLARED_SELECTOR = YES;
				GCC_WARN_UNINITIALIZED_AUTOS = YES_AGGRESSIVE;
				GCC_WARN_UNUSED_FUNCTION = YES;
				GCC_WARN_UNUSED_VARIABLE = YES;
				IPHONEOS_DEPLOYMENT_TARGET = 10.0;
				MTL_ENABLE_DEBUG_INFO = YES;
				ONLY_ACTIVE_ARCH = YES;
				SDKROOT = iphoneos;
				SWIFT_ACTIVE_COMPILATION_CONDITIONS = DEBUG;
				SWIFT_OPTIMIZATION_LEVEL = "-Onone";
				TARGETED_DEVICE_FAMILY = "1,2";
			};
			name = Debug;
		};
		0C205B561E2272A100013DDC /* Release */ = {
			isa = XCBuildConfiguration;
			buildSettings = {
				ALWAYS_SEARCH_USER_PATHS = NO;
				CLANG_ANALYZER_NONNULL = YES;
				CLANG_CXX_LANGUAGE_STANDARD = "gnu++0x";
				CLANG_CXX_LIBRARY = "libc++";
				CLANG_ENABLE_MODULES = YES;
				CLANG_ENABLE_OBJC_ARC = YES;
				CLANG_WARN_BOOL_CONVERSION = YES;
				CLANG_WARN_CONSTANT_CONVERSION = YES;
				CLANG_WARN_DIRECT_OBJC_ISA_USAGE = YES_ERROR;
				CLANG_WARN_DOCUMENTATION_COMMENTS = YES;
				CLANG_WARN_EMPTY_BODY = YES;
				CLANG_WARN_ENUM_CONVERSION = YES;
				CLANG_WARN_INFINITE_RECURSION = YES;
				CLANG_WARN_INT_CONVERSION = YES;
				CLANG_WARN_OBJC_ROOT_CLASS = YES_ERROR;
				CLANG_WARN_SUSPICIOUS_MOVES = YES;
				CLANG_WARN_UNREACHABLE_CODE = YES;
				CLANG_WARN__DUPLICATE_METHOD_MATCH = YES;
				"CODE_SIGN_IDENTITY[sdk=iphoneos*]" = "iPhone Developer";
				COPY_PHASE_STRIP = NO;
				DEBUG_INFORMATION_FORMAT = "dwarf-with-dsym";
				ENABLE_NS_ASSERTIONS = NO;
				ENABLE_STRICT_OBJC_MSGSEND = YES;
				GCC_C_LANGUAGE_STANDARD = gnu99;
				GCC_NO_COMMON_BLOCKS = YES;
				GCC_WARN_64_TO_32_BIT_CONVERSION = YES;
				GCC_WARN_ABOUT_RETURN_TYPE = YES_ERROR;
				GCC_WARN_UNDECLARED_SELECTOR = YES;
				GCC_WARN_UNINITIALIZED_AUTOS = YES_AGGRESSIVE;
				GCC_WARN_UNUSED_FUNCTION = YES;
				GCC_WARN_UNUSED_VARIABLE = YES;
				IPHONEOS_DEPLOYMENT_TARGET = 10.0;
				MTL_ENABLE_DEBUG_INFO = NO;
				SDKROOT = iphoneos;
				SWIFT_OPTIMIZATION_LEVEL = "-Owholemodule";
				TARGETED_DEVICE_FAMILY = "1,2";
				VALIDATE_PRODUCT = YES;
			};
			name = Release;
		};
		0C205B581E2272A100013DDC /* Debug */ = {
			isa = XCBuildConfiguration;
			buildSettings = {
				ASSETCATALOG_COMPILER_APPICON_NAME = AppIcon;
				INFOPLIST_FILE = "Live Sports Score/Info.plist";
				LD_RUNPATH_SEARCH_PATHS = "$(inherited) @executable_path/Frameworks";
				PRODUCT_BUNDLE_IDENTIFIER = "Sandeep.Live-Sports-Score";
				PRODUCT_NAME = "$(TARGET_NAME)";
				SWIFT_VERSION = 3.0;
			};
			name = Debug;
		};
		0C205B591E2272A100013DDC /* Release */ = {
			isa = XCBuildConfiguration;
			buildSettings = {
				ASSETCATALOG_COMPILER_APPICON_NAME = AppIcon;
				INFOPLIST_FILE = "Live Sports Score/Info.plist";
				LD_RUNPATH_SEARCH_PATHS = "$(inherited) @executable_path/Frameworks";
				PRODUCT_BUNDLE_IDENTIFIER = "Sandeep.Live-Sports-Score";
				PRODUCT_NAME = "$(TARGET_NAME)";
				SWIFT_VERSION = 3.0;
			};
			name = Release;
		};
		0C205B5B1E2272A100013DDC /* Debug */ = {
			isa = XCBuildConfiguration;
			buildSettings = {
				ALWAYS_EMBED_SWIFT_STANDARD_LIBRARIES = YES;
				BUNDLE_LOADER = "$(TEST_HOST)";
				INFOPLIST_FILE = "Live Sports ScoreTests/Info.plist";
				LD_RUNPATH_SEARCH_PATHS = "$(inherited) @executable_path/Frameworks @loader_path/Frameworks";
				PRODUCT_BUNDLE_IDENTIFIER = "Sandeep.Live-Sports-ScoreTests";
				PRODUCT_NAME = "$(TARGET_NAME)";
				SWIFT_VERSION = 3.0;
				TEST_HOST = "$(BUILT_PRODUCTS_DIR)/Live Sports Score.app/Live Sports Score";
			};
			name = Debug;
		};
		0C205B5C1E2272A100013DDC /* Release */ = {
			isa = XCBuildConfiguration;
			buildSettings = {
				ALWAYS_EMBED_SWIFT_STANDARD_LIBRARIES = YES;
				BUNDLE_LOADER = "$(TEST_HOST)";
				INFOPLIST_FILE = "Live Sports ScoreTests/Info.plist";
				LD_RUNPATH_SEARCH_PATHS = "$(inherited) @executable_path/Frameworks @loader_path/Frameworks";
				PRODUCT_BUNDLE_IDENTIFIER = "Sandeep.Live-Sports-ScoreTests";
				PRODUCT_NAME = "$(TARGET_NAME)";
				SWIFT_VERSION = 3.0;
				TEST_HOST = "$(BUILT_PRODUCTS_DIR)/Live Sports Score.app/Live Sports Score";
			};
			name = Release;
		};
		0C205B5E1E2272A100013DDC /* Debug */ = {
			isa = XCBuildConfiguration;
			buildSettings = {
				ALWAYS_EMBED_SWIFT_STANDARD_LIBRARIES = YES;
				INFOPLIST_FILE = "Live Sports ScoreUITests/Info.plist";
				LD_RUNPATH_SEARCH_PATHS = "$(inherited) @executable_path/Frameworks @loader_path/Frameworks";
				PRODUCT_BUNDLE_IDENTIFIER = "Sandeep.Live-Sports-ScoreUITests";
				PRODUCT_NAME = "$(TARGET_NAME)";
				SWIFT_VERSION = 3.0;
				TEST_TARGET_NAME = "Live Sports Score";
			};
			name = Debug;
		};
		0C205B5F1E2272A100013DDC /* Release */ = {
			isa = XCBuildConfiguration;
			buildSettings = {
				ALWAYS_EMBED_SWIFT_STANDARD_LIBRARIES = YES;
				INFOPLIST_FILE = "Live Sports ScoreUITests/Info.plist";
				LD_RUNPATH_SEARCH_PATHS = "$(inherited) @executable_path/Frameworks @loader_path/Frameworks";
				PRODUCT_BUNDLE_IDENTIFIER = "Sandeep.Live-Sports-ScoreUITests";
				PRODUCT_NAME = "$(TARGET_NAME)";
				SWIFT_VERSION = 3.0;
				TEST_TARGET_NAME = "Live Sports Score";
			};
			name = Release;
		};
/* End XCBuildConfiguration section */

/* Begin XCConfigurationList section */
		0C205B2A1E22729C00013DDC /* Build configuration list for PBXProject "Live Sports Score" */ = {
			isa = XCConfigurationList;
			buildConfigurations = (
				0C205B551E2272A100013DDC /* Debug */,
				0C205B561E2272A100013DDC /* Release */,
			);
			defaultConfigurationIsVisible = 0;
			defaultConfigurationName = Release;
		};
		0C205B571E2272A100013DDC /* Build configuration list for PBXNativeTarget "Live Sports Score" */ = {
			isa = XCConfigurationList;
			buildConfigurations = (
				0C205B581E2272A100013DDC /* Debug */,
				0C205B591E2272A100013DDC /* Release */,
			);
			defaultConfigurationIsVisible = 0;
		};
		0C205B5A1E2272A100013DDC /* Build configuration list for PBXNativeTarget "Live Sports ScoreTests" */ = {
			isa = XCConfigurationList;
			buildConfigurations = (
				0C205B5B1E2272A100013DDC /* Debug */,
				0C205B5C1E2272A100013DDC /* Release */,
			);
			defaultConfigurationIsVisible = 0;
		};
		0C205B5D1E2272A100013DDC /* Build configuration list for PBXNativeTarget "Live Sports ScoreUITests" */ = {
			isa = XCConfigurationList;
			buildConfigurations = (
				0C205B5E1E2272A100013DDC /* Debug */,
				0C205B5F1E2272A100013DDC /* Release */,
			);
			defaultConfigurationIsVisible = 0;
		};
/* End XCConfigurationList section */
	};
	rootObject = 0C205B271E22729C00013DDC /* Project object */;
}
